
Microsoft Visual Studio Solution File, Format Version 12.00
# Visual Studio Version 16
VisualStudioVersion = 25.0.1704.0
MinimumVisualStudioVersion = 10.0.40219.1
Project("{FAE04EC0-301F-11D3-BF4B-00C04F79EFBC}") = "ExceptionConstructors", "ExceptionConstructors\ExceptionConstructors.csproj", "{9DC6FD82-9673-4429-AF64-C7D7236E9C7E}"
EndProject
Global
	GlobalSection(SolutionConfigurationPlatforms) = preSolution
		Debug|Any CPU = Debug|Any CPU
		Release|Any CPU = Release|Any CPU
	EndGlobalSection
	GlobalSection(ProjectConfigurationPlatforms) = postSolution
		{9DC6FD82-9673-4429-AF64-C7D7236E9C7E}.Debug|Any CPU.ActiveCfg = Debug|Any CPU
		{9DC6FD82-9673-4429-AF64-C7D7236E9C7E}.Debug|Any CPU.Build.0 = Debug|Any CPU
		{9DC6FD82-9673-4429-AF64-C7D7236E9C7E}.Release|Any CPU.ActiveCfg = Release|Any CPU
		{9DC6FD82-9673-4429-AF64-C7D7236E9C7E}.Release|Any CPU.Build.0 = Release|Any CPU
	EndGlobalSection
	GlobalSection(SolutionProperties) = preSolution
		HideSolutionNode = FALSE
	EndGlobalSection
	GlobalSection(ExtensibilityGlobals) = postSolution
		SolutionGuid = {CE346B10-2DC6-433E-A1CD-23DD7AD3D053}
	EndGlobalSection
EndGlobal
